// !$*UTF8*$!
{
	archiveVersion = 1;
	classes = {
	};
	objectVersion = 51;
	objects = {

/* Begin PBXBuildFile section */
		1B7CBAEF2569A3787920101A /* Pods_ijinlife_kaigai.framework in Frameworks */ = {isa = PBXBuildFile; fileRef = D96327994AFA9E95820D7076 /* Pods_ijinlife_kaigai.framework */; };
		4254251326394540009578AF /* AppDelegate.swift in Sources */ = {isa = PBXBuildFile; fileRef = 4254251226394540009578AF /* AppDelegate.swift */; };
		4254251526394540009578AF /* SceneDelegate.swift in Sources */ = {isa = PBXBuildFile; fileRef = 4254251426394540009578AF /* SceneDelegate.swift */; };
		4254251726394540009578AF /* LifeHourglassView.swift in Sources */ = {isa = PBXBuildFile; fileRef = 4254251626394540009578AF /* LifeHourglassView.swift */; };
		4254251A26394540009578AF /* Main.storyboard in Resources */ = {isa = PBXBuildFile; fileRef = 4254251826394540009578AF /* Main.storyboard */; };
		4254251C26394543009578AF /* Assets.xcassets in Resources */ = {isa = PBXBuildFile; fileRef = 4254251B26394543009578AF /* Assets.xcassets */; };
		4254251F26394543009578AF /* LaunchScreen.storyboard in Resources */ = {isa = PBXBuildFile; fileRef = 4254251D26394543009578AF /* LaunchScreen.storyboard */; };
		4254252A26394544009578AF /* ijinlife_kaigaiTests.swift in Sources */ = {isa = PBXBuildFile; fileRef = 4254252926394544009578AF /* ijinlife_kaigaiTests.swift */; };
		4254253526394544009578AF /* ijinlife_kaigaiUITests.swift in Sources */ = {isa = PBXBuildFile; fileRef = 4254253426394544009578AF /* ijinlife_kaigaiUITests.swift */; };
		4254255E2639462F009578AF /* FormView.swift in Sources */ = {isa = PBXBuildFile; fileRef = 4254255D2639462F009578AF /* FormView.swift */; };
		42B73F648C482283ED8F9AE9 /* Pods_ijinlife_kaigai_ijinlife_kaigaiUITests.framework in Frameworks */ = {isa = PBXBuildFile; fileRef = B613547F1C5EAAAB45E19A2D /* Pods_ijinlife_kaigai_ijinlife_kaigaiUITests.framework */; };
		D02F40E0A86601A1159FC45C /* Pods_ijinlife_kaigaiTests.framework in Frameworks */ = {isa = PBXBuildFile; fileRef = 4F352AED309F79F2CF215BFB /* Pods_ijinlife_kaigaiTests.framework */; };
/* End PBXBuildFile section */

/* Begin PBXContainerItemProxy section */
		4254252626394544009578AF /* PBXContainerItemProxy */ = {
			isa = PBXContainerItemProxy;
			containerPortal = 4254250726394540009578AF /* Project object */;
			proxyType = 1;
			remoteGlobalIDString = 4254250E26394540009578AF;
			remoteInfo = ijinlife_kaigai;
		};
		4254253126394544009578AF /* PBXContainerItemProxy */ = {
			isa = PBXContainerItemProxy;
			containerPortal = 4254250726394540009578AF /* Project object */;
			proxyType = 1;
			remoteGlobalIDString = 4254250E26394540009578AF;
			remoteInfo = ijinlife_kaigai;
		};
/* End PBXContainerItemProxy section */

/* Begin PBXFileReference section */
		1E3000AF254E48B3FA16066F /* Pods-ijinlife_kaigaiTests.debug.xcconfig */ = {isa = PBXFileReference; includeInIndex = 1; lastKnownFileType = text.xcconfig; name = "Pods-ijinlife_kaigaiTests.debug.xcconfig"; path = "Target Support Files/Pods-ijinlife_kaigaiTests/Pods-ijinlife_kaigaiTests.debug.xcconfig"; sourceTree = "<group>"; };
		32F6FAB39C057592D9F487FB /* Pods-ijinlife_kaigai.debug.xcconfig */ = {isa = PBXFileReference; includeInIndex = 1; lastKnownFileType = text.xcconfig; name = "Pods-ijinlife_kaigai.debug.xcconfig"; path = "Target Support Files/Pods-ijinlife_kaigai/Pods-ijinlife_kaigai.debug.xcconfig"; sourceTree = "<group>"; };
		4254250F26394540009578AF /* ijinlife_kaigai.app */ = {isa = PBXFileReference; explicitFileType = wrapper.application; includeInIndex = 0; path = ijinlife_kaigai.app; sourceTree = BUILT_PRODUCTS_DIR; };
		4254251226394540009578AF /* AppDelegate.swift */ = {isa = PBXFileReference; lastKnownFileType = sourcecode.swift; path = AppDelegate.swift; sourceTree = "<group>"; };
		4254251426394540009578AF /* SceneDelegate.swift */ = {isa = PBXFileReference; lastKnownFileType = sourcecode.swift; path = SceneDelegate.swift; sourceTree = "<group>"; };
		4254251626394540009578AF /* LifeHourglassView.swift */ = {isa = PBXFileReference; lastKnownFileType = sourcecode.swift; path = LifeHourglassView.swift; sourceTree = "<group>"; };
		4254251926394540009578AF /* Base */ = {isa = PBXFileReference; lastKnownFileType = file.storyboard; name = Base; path = Base.lproj/Main.storyboard; sourceTree = "<group>"; };
		4254251B26394543009578AF /* Assets.xcassets */ = {isa = PBXFileReference; lastKnownFileType = folder.assetcatalog; path = Assets.xcassets; sourceTree = "<group>"; };
		4254251E26394543009578AF /* Base */ = {isa = PBXFileReference; lastKnownFileType = file.storyboard; name = Base; path = Base.lproj/LaunchScreen.storyboard; sourceTree = "<group>"; };
		4254252026394543009578AF /* Info.plist */ = {isa = PBXFileReference; lastKnownFileType = text.plist.xml; path = Info.plist; sourceTree = "<group>"; };
		4254252526394544009578AF /* ijinlife_kaigaiTests.xctest */ = {isa = PBXFileReference; explicitFileType = wrapper.cfbundle; includeInIndex = 0; path = ijinlife_kaigaiTests.xctest; sourceTree = BUILT_PRODUCTS_DIR; };
		4254252926394544009578AF /* ijinlife_kaigaiTests.swift */ = {isa = PBXFileReference; lastKnownFileType = sourcecode.swift; path = ijinlife_kaigaiTests.swift; sourceTree = "<group>"; };
		4254252B26394544009578AF /* Info.plist */ = {isa = PBXFileReference; lastKnownFileType = text.plist.xml; path = Info.plist; sourceTree = "<group>"; };
		4254253026394544009578AF /* ijinlife_kaigaiUITests.xctest */ = {isa = PBXFileReference; explicitFileType = wrapper.cfbundle; includeInIndex = 0; path = ijinlife_kaigaiUITests.xctest; sourceTree = BUILT_PRODUCTS_DIR; };
		4254253426394544009578AF /* ijinlife_kaigaiUITests.swift */ = {isa = PBXFileReference; lastKnownFileType = sourcecode.swift; path = ijinlife_kaigaiUITests.swift; sourceTree = "<group>"; };
		4254253626394544009578AF /* Info.plist */ = {isa = PBXFileReference; lastKnownFileType = text.plist.xml; path = Info.plist; sourceTree = "<group>"; };
		4254255D2639462F009578AF /* FormView.swift */ = {isa = PBXFileReference; lastKnownFileType = sourcecode.swift; path = FormView.swift; sourceTree = "<group>"; };
		4F352AED309F79F2CF215BFB /* Pods_ijinlife_kaigaiTests.framework */ = {isa = PBXFileReference; explicitFileType = wrapper.framework; includeInIndex = 0; path = Pods_ijinlife_kaigaiTests.framework; sourceTree = BUILT_PRODUCTS_DIR; };
		80F33FF7140EA68A4CD25D10 /* Pods-ijinlife_kaigai-ijinlife_kaigaiUITests.debug.xcconfig */ = {isa = PBXFileReference; includeInIndex = 1; lastKnownFileType = text.xcconfig; name = "Pods-ijinlife_kaigai-ijinlife_kaigaiUITests.debug.xcconfig"; path = "Target Support Files/Pods-ijinlife_kaigai-ijinlife_kaigaiUITests/Pods-ijinlife_kaigai-ijinlife_kaigaiUITests.debug.xcconfig"; sourceTree = "<group>"; };
		A245A740DB549F0DBB3636CF /* Pods-ijinlife_kaigai.release.xcconfig */ = {isa = PBXFileReference; includeInIndex = 1; lastKnownFileType = text.xcconfig; name = "Pods-ijinlife_kaigai.release.xcconfig"; path = "Target Support Files/Pods-ijinlife_kaigai/Pods-ijinlife_kaigai.release.xcconfig"; sourceTree = "<group>"; };
		B279B4938D2DB419FD76D884 /* Pods-ijinlife_kaigai-ijinlife_kaigaiUITests.release.xcconfig */ = {isa = PBXFileReference; includeInIndex = 1; lastKnownFileType = text.xcconfig; name = "Pods-ijinlife_kaigai-ijinlife_kaigaiUITests.release.xcconfig"; path = "Target Support Files/Pods-ijinlife_kaigai-ijinlife_kaigaiUITests/Pods-ijinlife_kaigai-ijinlife_kaigaiUITests.release.xcconfig"; sourceTree = "<group>"; };
		B613547F1C5EAAAB45E19A2D /* Pods_ijinlife_kaigai_ijinlife_kaigaiUITests.framework */ = {isa = PBXFileReference; explicitFileType = wrapper.framework; includeInIndex = 0; path = Pods_ijinlife_kaigai_ijinlife_kaigaiUITests.framework; sourceTree = BUILT_PRODUCTS_DIR; };
		C6E1CCE68C74D86BE60E3D14 /* Pods-ijinlife_kaigaiTests.release.xcconfig */ = {isa = PBXFileReference; includeInIndex = 1; lastKnownFileType = text.xcconfig; name = "Pods-ijinlife_kaigaiTests.release.xcconfig"; path = "Target Support Files/Pods-ijinlife_kaigaiTests/Pods-ijinlife_kaigaiTests.release.xcconfig"; sourceTree = "<group>"; };
		D96327994AFA9E95820D7076 /* Pods_ijinlife_kaigai.framework */ = {isa = PBXFileReference; explicitFileType = wrapper.framework; includeInIndex = 0; path = Pods_ijinlife_kaigai.framework; sourceTree = BUILT_PRODUCTS_DIR; };
/* End PBXFileReference section */

/* Begin PBXFrameworksBuildPhase section */
		4254250C26394540009578AF /* Frameworks */ = {
			isa = PBXFrameworksBuildPhase;
			buildActionMask = 2147483647;
			files = (
				1B7CBAEF2569A3787920101A /* Pods_ijinlife_kaigai.framework in Frameworks */,
			);
			runOnlyForDeploymentPostprocessing = 0;
		};
		4254252226394544009578AF /* Frameworks */ = {
			isa = PBXFrameworksBuildPhase;
			buildActionMask = 2147483647;
			files = (
				D02F40E0A86601A1159FC45C /* Pods_ijinlife_kaigaiTests.framework in Frameworks */,
			);
			runOnlyForDeploymentPostprocessing = 0;
		};
		4254252D26394544009578AF /* Frameworks */ = {
			isa = PBXFrameworksBuildPhase;
			buildActionMask = 2147483647;
			files = (
				42B73F648C482283ED8F9AE9 /* Pods_ijinlife_kaigai_ijinlife_kaigaiUITests.framework in Frameworks */,
			);
			runOnlyForDeploymentPostprocessing = 0;
		};
/* End PBXFrameworksBuildPhase section */

/* Begin PBXGroup section */
		4254250626394540009578AF = {
			isa = PBXGroup;
			children = (
				4254251126394540009578AF /* ijinlife_kaigai */,
				4254252826394544009578AF /* ijinlife_kaigaiTests */,
				4254253326394544009578AF /* ijinlife_kaigaiUITests */,
				4254251026394540009578AF /* Products */,
				887548DDEE2420EB6412BB37 /* Pods */,
				BE7B1FB334282BBBCD291319 /* Frameworks */,
			);
			sourceTree = "<group>";
		};
		4254251026394540009578AF /* Products */ = {
			isa = PBXGroup;
			children = (
				4254250F26394540009578AF /* ijinlife_kaigai.app */,
				4254252526394544009578AF /* ijinlife_kaigaiTests.xctest */,
				4254253026394544009578AF /* ijinlife_kaigaiUITests.xctest */,
			);
			name = Products;
			sourceTree = "<group>";
		};
		4254251126394540009578AF /* ijinlife_kaigai */ = {
			isa = PBXGroup;
			children = (
				4254251226394540009578AF /* AppDelegate.swift */,
				4254251426394540009578AF /* SceneDelegate.swift */,
				4254251626394540009578AF /* LifeHourglassView.swift */,
				4254255D2639462F009578AF /* FormView.swift */,
				4254251826394540009578AF /* Main.storyboard */,
				4254251B26394543009578AF /* Assets.xcassets */,
				4254251D26394543009578AF /* LaunchScreen.storyboard */,
				4254252026394543009578AF /* Info.plist */,
			);
			path = ijinlife_kaigai;
			sourceTree = "<group>";
		};
		4254252826394544009578AF /* ijinlife_kaigaiTests */ = {
			isa = PBXGroup;
			children = (
				4254252926394544009578AF /* ijinlife_kaigaiTests.swift */,
				4254252B26394544009578AF /* Info.plist */,
			);
			path = ijinlife_kaigaiTests;
			sourceTree = "<group>";
		};
		4254253326394544009578AF /* ijinlife_kaigaiUITests */ = {
			isa = PBXGroup;
			children = (
				4254253426394544009578AF /* ijinlife_kaigaiUITests.swift */,
				4254253626394544009578AF /* Info.plist */,
			);
			path = ijinlife_kaigaiUITests;
			sourceTree = "<group>";
		};
		887548DDEE2420EB6412BB37 /* Pods */ = {
			isa = PBXGroup;
			children = (
				32F6FAB39C057592D9F487FB /* Pods-ijinlife_kaigai.debug.xcconfig */,
				A245A740DB549F0DBB3636CF /* Pods-ijinlife_kaigai.release.xcconfig */,
				80F33FF7140EA68A4CD25D10 /* Pods-ijinlife_kaigai-ijinlife_kaigaiUITests.debug.xcconfig */,
				B279B4938D2DB419FD76D884 /* Pods-ijinlife_kaigai-ijinlife_kaigaiUITests.release.xcconfig */,
				1E3000AF254E48B3FA16066F /* Pods-ijinlife_kaigaiTests.debug.xcconfig */,
				C6E1CCE68C74D86BE60E3D14 /* Pods-ijinlife_kaigaiTests.release.xcconfig */,
			);
			path = Pods;
			sourceTree = "<group>";
		};
		BE7B1FB334282BBBCD291319 /* Frameworks */ = {
			isa = PBXGroup;
			children = (
				D96327994AFA9E95820D7076 /* Pods_ijinlife_kaigai.framework */,
				B613547F1C5EAAAB45E19A2D /* Pods_ijinlife_kaigai_ijinlife_kaigaiUITests.framework */,
				4F352AED309F79F2CF215BFB /* Pods_ijinlife_kaigaiTests.framework */,
			);
			name = Frameworks;
			sourceTree = "<group>";
		};
/* End PBXGroup section */

/* Begin PBXNativeTarget section */
		4254250E26394540009578AF /* ijinlife_kaigai */ = {
			isa = PBXNativeTarget;
			buildConfigurationList = 4254253926394544009578AF /* Build configuration list for PBXNativeTarget "ijinlife_kaigai" */;
			buildPhases = (
				CC5B1EAB76174E08240FEEF2 /* [CP] Check Pods Manifest.lock */,
				4254250B26394540009578AF /* Sources */,
				4254250C26394540009578AF /* Frameworks */,
				4254250D26394540009578AF /* Resources */,
				5E82C1659E5DB69144CD7181 /* [CP] Embed Pods Frameworks */,
			);
			buildRules = (
			);
			dependencies = (
			);
			name = ijinlife_kaigai;
			productName = ijinlife_kaigai;
			productReference = 4254250F26394540009578AF /* ijinlife_kaigai.app */;
			productType = "com.apple.product-type.application";
		};
		4254252426394544009578AF /* ijinlife_kaigaiTests */ = {
			isa = PBXNativeTarget;
			buildConfigurationList = 4254253C26394544009578AF /* Build configuration list for PBXNativeTarget "ijinlife_kaigaiTests" */;
			buildPhases = (
				D29ED924A5DBE612A939A0A3 /* [CP] Check Pods Manifest.lock */,
				4254252126394544009578AF /* Sources */,
				4254252226394544009578AF /* Frameworks */,
				4254252326394544009578AF /* Resources */,
			);
			buildRules = (
			);
			dependencies = (
				4254252726394544009578AF /* PBXTargetDependency */,
			);
			name = ijinlife_kaigaiTests;
			productName = ijinlife_kaigaiTests;
			productReference = 4254252526394544009578AF /* ijinlife_kaigaiTests.xctest */;
			productType = "com.apple.product-type.bundle.unit-test";
		};
		4254252F26394544009578AF /* ijinlife_kaigaiUITests */ = {
			isa = PBXNativeTarget;
			buildConfigurationList = 4254253F26394544009578AF /* Build configuration list for PBXNativeTarget "ijinlife_kaigaiUITests" */;
			buildPhases = (
				EAA1DFCD45DB54DF8FAFE02D /* [CP] Check Pods Manifest.lock */,
				4254252C26394544009578AF /* Sources */,
				4254252D26394544009578AF /* Frameworks */,
				4254252E26394544009578AF /* Resources */,
				54D35F83BB8A1EB96687A74C /* [CP] Embed Pods Frameworks */,
			);
			buildRules = (
			);
			dependencies = (
				4254253226394544009578AF /* PBXTargetDependency */,
			);
			name = ijinlife_kaigaiUITests;
			productName = ijinlife_kaigaiUITests;
			productReference = 4254253026394544009578AF /* ijinlife_kaigaiUITests.xctest */;
			productType = "com.apple.product-type.bundle.ui-testing";
		};
/* End PBXNativeTarget section */

/* Begin PBXProject section */
		4254250726394540009578AF /* Project object */ = {
			isa = PBXProject;
			attributes = {
				LastSwiftUpdateCheck = 1220;
				LastUpgradeCheck = 1220;
				TargetAttributes = {
					4254250E26394540009578AF = {
						CreatedOnToolsVersion = 12.2;
					};
					4254252426394544009578AF = {
						CreatedOnToolsVersion = 12.2;
						TestTargetID = 4254250E26394540009578AF;
					};
					4254252F26394544009578AF = {
						CreatedOnToolsVersion = 12.2;
						TestTargetID = 4254250E26394540009578AF;
					};
				};
			};
			buildConfigurationList = 4254250A26394540009578AF /* Build configuration list for PBXProject "ijinlife_kaigai" */;
			compatibilityVersion = "Xcode 9.3";
			developmentRegion = en;
			hasScannedForEncodings = 0;
			knownRegions = (
				en,
				Base,
			);
			mainGroup = 4254250626394540009578AF;
			productRefGroup = 4254251026394540009578AF /* Products */;
			projectDirPath = "";
			projectRoot = "";
			targets = (
				4254250E26394540009578AF /* ijinlife_kaigai */,
				4254252426394544009578AF /* ijinlife_kaigaiTests */,
				4254252F26394544009578AF /* ijinlife_kaigaiUITests */,
			);
		};
/* End PBXProject section */

/* Begin PBXResourcesBuildPhase section */
		4254250D26394540009578AF /* Resources */ = {
			isa = PBXResourcesBuildPhase;
			buildActionMask = 2147483647;
			files = (
				4254251F26394543009578AF /* LaunchScreen.storyboard in Resources */,
				4254251C26394543009578AF /* Assets.xcassets in Resources */,
				4254251A26394540009578AF /* Main.storyboard in Resources */,
			);
			runOnlyForDeploymentPostprocessing = 0;
		};
		4254252326394544009578AF /* Resources */ = {
			isa = PBXResourcesBuildPhase;
			buildActionMask = 2147483647;
			files = (
			);
			runOnlyForDeploymentPostprocessing = 0;
		};
		4254252E26394544009578AF /* Resources */ = {
			isa = PBXResourcesBuildPhase;
			buildActionMask = 2147483647;
			files = (
			);
			runOnlyForDeploymentPostprocessing = 0;
		};
/* End PBXResourcesBuildPhase section */

/* Begin PBXShellScriptBuildPhase section */
		54D35F83BB8A1EB96687A74C /* [CP] Embed Pods Frameworks */ = {
			isa = PBXShellScriptBuildPhase;
			buildActionMask = 2147483647;
			files = (
			);
			inputFileListPaths = (
				"${PODS_ROOT}/Target Support Files/Pods-ijinlife_kaigai-ijinlife_kaigaiUITests/Pods-ijinlife_kaigai-ijinlife_kaigaiUITests-frameworks-${CONFIGURATION}-input-files.xcfilelist",
			);
			name = "[CP] Embed Pods Frameworks";
			outputFileListPaths = (
				"${PODS_ROOT}/Target Support Files/Pods-ijinlife_kaigai-ijinlife_kaigaiUITests/Pods-ijinlife_kaigai-ijinlife_kaigaiUITests-frameworks-${CONFIGURATION}-output-files.xcfilelist",
			);
			runOnlyForDeploymentPostprocessing = 0;
			shellPath = /bin/sh;
			shellScript = "\"${PODS_ROOT}/Target Support Files/Pods-ijinlife_kaigai-ijinlife_kaigaiUITests/Pods-ijinlife_kaigai-ijinlife_kaigaiUITests-frameworks.sh\"\n";
			showEnvVarsInLog = 0;
		};
		5E82C1659E5DB69144CD7181 /* [CP] Embed Pods Frameworks */ = {
			isa = PBXShellScriptBuildPhase;
			buildActionMask = 2147483647;
			files = (
			);
			inputFileListPaths = (
				"${PODS_ROOT}/Target Support Files/Pods-ijinlife_kaigai/Pods-ijinlife_kaigai-frameworks-${CONFIGURATION}-input-files.xcfilelist",
			);
			name = "[CP] Embed Pods Frameworks";
			outputFileListPaths = (
				"${PODS_ROOT}/Target Support Files/Pods-ijinlife_kaigai/Pods-ijinlife_kaigai-frameworks-${CONFIGURATION}-output-files.xcfilelist",
			);
			runOnlyForDeploymentPostprocessing = 0;
			shellPath = /bin/sh;
			shellScript = "\"${PODS_ROOT}/Target Support Files/Pods-ijinlife_kaigai/Pods-ijinlife_kaigai-frameworks.sh\"\n";
			showEnvVarsInLog = 0;
		};
		CC5B1EAB76174E08240FEEF2 /* [CP] Check Pods Manifest.lock */ = {
			isa = PBXShellScriptBuildPhase;
			buildActionMask = 2147483647;
			files = (
			);
			inputFileListPaths = (
			);
			inputPaths = (
				"${PODS_PODFILE_DIR_PATH}/Podfile.lock",
				"${PODS_ROOT}/Manifest.lock",
			);
			name = "[CP] Check Pods Manifest.lock";
			outputFileListPaths = (
			);
			outputPaths = (
				"$(DERIVED_FILE_DIR)/Pods-ijinlife_kaigai-checkManifestLockResult.txt",
			);
			runOnlyForDeploymentPostprocessing = 0;
			shellPath = /bin/sh;
			shellScript = "diff \"${PODS_PODFILE_DIR_PATH}/Podfile.lock\" \"${PODS_ROOT}/Manifest.lock\" > /dev/null\nif [ $? != 0 ] ; then\n    # print error to STDERR\n    echo \"error: The sandbox is not in sync with the Podfile.lock. Run 'pod install' or update your CocoaPods installation.\" >&2\n    exit 1\nfi\n# This output is used by Xcode 'outputs' to avoid re-running this script phase.\necho \"SUCCESS\" > \"${SCRIPT_OUTPUT_FILE_0}\"\n";
			showEnvVarsInLog = 0;
		};
		D29ED924A5DBE612A939A0A3 /* [CP] Check Pods Manifest.lock */ = {
			isa = PBXShellScriptBuildPhase;
			buildActionMask = 2147483647;
			files = (
			);
			inputFileListPaths = (
			);
			inputPaths = (
				"${PODS_PODFILE_DIR_PATH}/Podfile.lock",
				"${PODS_ROOT}/Manifest.lock",
			);
			name = "[CP] Check Pods Manifest.lock";
			outputFileListPaths = (
			);
			outputPaths = (
				"$(DERIVED_FILE_DIR)/Pods-ijinlife_kaigaiTests-checkManifestLockResult.txt",
			);
			runOnlyForDeploymentPostprocessing = 0;
			shellPath = /bin/sh;
			shellScript = "diff \"${PODS_PODFILE_DIR_PATH}/Podfile.lock\" \"${PODS_ROOT}/Manifest.lock\" > /dev/null\nif [ $? != 0 ] ; then\n    # print error to STDERR\n    echo \"error: The sandbox is not in sync with the Podfile.lock. Run 'pod install' or update your CocoaPods installation.\" >&2\n    exit 1\nfi\n# This output is used by Xcode 'outputs' to avoid re-running this script phase.\necho \"SUCCESS\" > \"${SCRIPT_OUTPUT_FILE_0}\"\n";
			showEnvVarsInLog = 0;
		};
		EAA1DFCD45DB54DF8FAFE02D /* [CP] Check Pods Manifest.lock */ = {
			isa = PBXShellScriptBuildPhase;
			buildActionMask = 2147483647;
			files = (
			);
			inputFileListPaths = (
			);
			inputPaths = (
				"${PODS_PODFILE_DIR_PATH}/Podfile.lock",
				"${PODS_ROOT}/Manifest.lock",
			);
			name = "[CP] Check Pods Manifest.lock";
			outputFileListPaths = (
			);
			outputPaths = (
				"$(DERIVED_FILE_DIR)/Pods-ijinlife_kaigai-ijinlife_kaigaiUITests-checkManifestLockResult.txt",
			);
			runOnlyForDeploymentPostprocessing = 0;
			shellPath = /bin/sh;
			shellScript = "diff \"${PODS_PODFILE_DIR_PATH}/Podfile.lock\" \"${PODS_ROOT}/Manifest.lock\" > /dev/null\nif [ $? != 0 ] ; then\n    # print error to STDERR\n    echo \"error: The sandbox is not in sync with the Podfile.lock. Run 'pod install' or update your CocoaPods installation.\" >&2\n    exit 1\nfi\n# This output is used by Xcode 'outputs' to avoid re-running this script phase.\necho \"SUCCESS\" > \"${SCRIPT_OUTPUT_FILE_0}\"\n";
			showEnvVarsInLog = 0;
		};
/* End PBXShellScriptBuildPhase section */

/* Begin PBXSourcesBuildPhase section */
		4254250B26394540009578AF /* Sources */ = {
			isa = PBXSourcesBuildPhase;
			buildActionMask = 2147483647;
			files = (
				4254255E2639462F009578AF /* FormView.swift in Sources */,
				4254251726394540009578AF /* LifeHourglassView.swift in Sources */,
				4254251326394540009578AF /* AppDelegate.swift in Sources */,
				4254251526394540009578AF /* SceneDelegate.swift in Sources */,
			);
			runOnlyForDeploymentPostprocessing = 0;
		};
		4254252126394544009578AF /* Sources */ = {
			isa = PBXSourcesBuildPhase;
			buildActionMask = 2147483647;
			files = (
				4254252A26394544009578AF /* ijinlife_kaigaiTests.swift in Sources */,
			);
			runOnlyForDeploymentPostprocessing = 0;
		};
		4254252C26394544009578AF /* Sources */ = {
			isa = PBXSourcesBuildPhase;
			buildActionMask = 2147483647;
			files = (
				4254253526394544009578AF /* ijinlife_kaigaiUITests.swift in Sources */,
			);
			runOnlyForDeploymentPostprocessing = 0;
		};
/* End PBXSourcesBuildPhase section */

/* Begin PBXTargetDependency section */
		4254252726394544009578AF /* PBXTargetDependency */ = {
			isa = PBXTargetDependency;
			target = 4254250E26394540009578AF /* ijinlife_kaigai */;
			targetProxy = 4254252626394544009578AF /* PBXContainerItemProxy */;
		};
		4254253226394544009578AF /* PBXTargetDependency */ = {
			isa = PBXTargetDependency;
			target = 4254250E26394540009578AF /* ijinlife_kaigai */;
			targetProxy = 4254253126394544009578AF /* PBXContainerItemProxy */;
		};
/* End PBXTargetDependency section */

/* Begin PBXVariantGroup section */
		4254251826394540009578AF /* Main.storyboard */ = {
			isa = PBXVariantGroup;
			children = (
				4254251926394540009578AF /* Base */,
			);
			name = Main.storyboard;
			sourceTree = "<group>";
		};
		4254251D26394543009578AF /* LaunchScreen.storyboard */ = {
			isa = PBXVariantGroup;
			children = (
				4254251E26394543009578AF /* Base */,
			);
			name = LaunchScreen.storyboard;
			sourceTree = "<group>";
		};
/* End PBXVariantGroup section */

/* Begin XCBuildConfiguration section */
		4254253726394544009578AF /* Debug */ = {
			isa = XCBuildConfiguration;
			buildSettings = {
				ALWAYS_SEARCH_USER_PATHS = NO;
				CLANG_ANALYZER_NONNULL = YES;
				CLANG_ANALYZER_NUMBER_OBJECT_CONVERSION = YES_AGGRESSIVE;
				CLANG_CXX_LANGUAGE_STANDARD = "gnu++14";
				CLANG_CXX_LIBRARY = "libc++";
				CLANG_ENABLE_MODULES = YES;
				CLANG_ENABLE_OBJC_ARC = YES;
				CLANG_ENABLE_OBJC_WEAK = YES;
				CLANG_WARN_BLOCK_CAPTURE_AUTORELEASING = YES;
				CLANG_WARN_BOOL_CONVERSION = YES;
				CLANG_WARN_COMMA = YES;
				CLANG_WARN_CONSTANT_CONVERSION = YES;
				CLANG_WARN_DEPRECATED_OBJC_IMPLEMENTATIONS = YES;
				CLANG_WARN_DIRECT_OBJC_ISA_USAGE = YES_ERROR;
				CLANG_WARN_DOCUMENTATION_COMMENTS = YES;
				CLANG_WARN_EMPTY_BODY = YES;
				CLANG_WARN_ENUM_CONVERSION = YES;
				CLANG_WARN_INFINITE_RECURSION = YES;
				CLANG_WARN_INT_CONVERSION = YES;
				CLANG_WARN_NON_LITERAL_NULL_CONVERSION = YES;
				CLANG_WARN_OBJC_IMPLICIT_RETAIN_SELF = YES;
				CLANG_WARN_OBJC_LITERAL_CONVERSION = YES;
				CLANG_WARN_OBJC_ROOT_CLASS = YES_ERROR;
				CLANG_WARN_QUOTED_INCLUDE_IN_FRAMEWORK_HEADER = YES;
				CLANG_WARN_RANGE_LOOP_ANALYSIS = YES;
				CLANG_WARN_STRICT_PROTOTYPES = YES;
				CLANG_WARN_SUSPICIOUS_MOVE = YES;
				CLANG_WARN_UNGUARDED_AVAILABILITY = YES_AGGRESSIVE;
				CLANG_WARN_UNREACHABLE_CODE = YES;
				CLANG_WARN__DUPLICATE_METHOD_MATCH = YES;
				COPY_PHASE_STRIP = NO;
				DEBUG_INFORMATION_FORMAT = dwarf;
				ENABLE_STRICT_OBJC_MSGSEND = YES;
				ENABLE_TESTABILITY = YES;
				GCC_C_LANGUAGE_STANDARD = gnu11;
				GCC_DYNAMIC_NO_PIC = NO;
				GCC_NO_COMMON_BLOCKS = YES;
				GCC_OPTIMIZATION_LEVEL = 0;
				GCC_PREPROCESSOR_DEFINITIONS = (
					"DEBUG=1",
					"$(inherited)",
				);
				GCC_WARN_64_TO_32_BIT_CONVERSION = YES;
				GCC_WARN_ABOUT_RETURN_TYPE = YES_ERROR;
				GCC_WARN_UNDECLARED_SELECTOR = YES;
				GCC_WARN_UNINITIALIZED_AUTOS = YES_AGGRESSIVE;
				GCC_WARN_UNUSED_FUNCTION = YES;
				GCC_WARN_UNUSED_VARIABLE = YES;
				IPHONEOS_DEPLOYMENT_TARGET = 13.0;
				MTL_ENABLE_DEBUG_INFO = INCLUDE_SOURCE;
				MTL_FAST_MATH = YES;
				ONLY_ACTIVE_ARCH = YES;
				SDKROOT = iphoneos;
				SWIFT_ACTIVE_COMPILATION_CONDITIONS = DEBUG;
				SWIFT_OPTIMIZATION_LEVEL = "-Onone";
			};
			name = Debug;
		};
		4254253826394544009578AF /* Release */ = {
			isa = XCBuildConfiguration;
			buildSettings = {
				ALWAYS_SEARCH_USER_PATHS = NO;
				CLANG_ANALYZER_NONNULL = YES;
				CLANG_ANALYZER_NUMBER_OBJECT_CONVERSION = YES_AGGRESSIVE;
				CLANG_CXX_LANGUAGE_STANDARD = "gnu++14";
				CLANG_CXX_LIBRARY = "libc++";
				CLANG_ENABLE_MODULES = YES;
				CLANG_ENABLE_OBJC_ARC = YES;
				CLANG_ENABLE_OBJC_WEAK = YES;
				CLANG_WARN_BLOCK_CAPTURE_AUTORELEASING = YES;
				CLANG_WARN_BOOL_CONVERSION = YES;
				CLANG_WARN_COMMA = YES;
				CLANG_WARN_CONSTANT_CONVERSION = YES;
				CLANG_WARN_DEPRECATED_OBJC_IMPLEMENTATIONS = YES;
				CLANG_WARN_DIRECT_OBJC_ISA_USAGE = YES_ERROR;
				CLANG_WARN_DOCUMENTATION_COMMENTS = YES;
				CLANG_WARN_EMPTY_BODY = YES;
				CLANG_WARN_ENUM_CONVERSION = YES;
				CLANG_WARN_INFINITE_RECURSION = YES;
				CLANG_WARN_INT_CONVERSION = YES;
				CLANG_WARN_NON_LITERAL_NULL_CONVERSION = YES;
				CLANG_WARN_OBJC_IMPLICIT_RETAIN_SELF = YES;
				CLANG_WARN_OBJC_LITERAL_CONVERSION = YES;
				CLANG_WARN_OBJC_ROOT_CLASS = YES_ERROR;
				CLANG_WARN_QUOTED_INCLUDE_IN_FRAMEWORK_HEADER = YES;
				CLANG_WARN_RANGE_LOOP_ANALYSIS = YES;
				CLANG_WARN_STRICT_PROTOTYPES = YES;
				CLANG_WARN_SUSPICIOUS_MOVE = YES;
				CLANG_WARN_UNGUARDED_AVAILABILITY = YES_AGGRESSIVE;
				CLANG_WARN_UNREACHABLE_CODE = YES;
				CLANG_WARN__DUPLICATE_METHOD_MATCH = YES;
				COPY_PHASE_STRIP = NO;
				DEBUG_INFORMATION_FORMAT = "dwarf-with-dsym";
				ENABLE_NS_ASSERTIONS = NO;
				ENABLE_STRICT_OBJC_MSGSEND = YES;
				GCC_C_LANGUAGE_STANDARD = gnu11;
				GCC_NO_COMMON_BLOCKS = YES;
				GCC_WARN_64_TO_32_BIT_CONVERSION = YES;
				GCC_WARN_ABOUT_RETURN_TYPE = YES_ERROR;
				GCC_WARN_UNDECLARED_SELECTOR = YES;
				GCC_WARN_UNINITIALIZED_AUTOS = YES_AGGRESSIVE;
				GCC_WARN_UNUSED_FUNCTION = YES;
				GCC_WARN_UNUSED_VARIABLE = YES;
				IPHONEOS_DEPLOYMENT_TARGET = 13.0;
				MTL_ENABLE_DEBUG_INFO = NO;
				MTL_FAST_MATH = YES;
				SDKROOT = iphoneos;
				SWIFT_COMPILATION_MODE = wholemodule;
				SWIFT_OPTIMIZATION_LEVEL = "-O";
				VALIDATE_PRODUCT = YES;
			};
			name = Release;
		};
		4254253A26394544009578AF /* Debug */ = {
			isa = XCBuildConfiguration;
			baseConfigurationReference = 32F6FAB39C057592D9F487FB /* Pods-ijinlife_kaigai.debug.xcconfig */;
			buildSettings = {
				ASSETCATALOG_COMPILER_APPICON_NAME = AppIcon;
				ASSETCATALOG_COMPILER_GLOBAL_ACCENT_COLOR_NAME = AccentColor;
				CODE_SIGN_STYLE = Automatic;
				DEVELOPMENT_TEAM = T92U5TKB4F;
				INFOPLIST_FILE = ijinlife_kaigai/Info.plist;
				LD_RUNPATH_SEARCH_PATHS = (
					"$(inherited)",
					"@executable_path/Frameworks",
				);
				PRODUCT_BUNDLE_IDENTIFIER = "com.table.ijinlife-kaigai";
				PRODUCT_NAME = "$(TARGET_NAME)";
				SWIFT_VERSION = 5.0;
				TARGETED_DEVICE_FAMILY = 1;
			};
			name = Debug;
		};
		4254253B26394544009578AF /* Release */ = {
			isa = XCBuildConfiguration;
			baseConfigurationReference = A245A740DB549F0DBB3636CF /* Pods-ijinlife_kaigai.release.xcconfig */;
			buildSettings = {
				ASSETCATALOG_COMPILER_APPICON_NAME = AppIcon;
				ASSETCATALOG_COMPILER_GLOBAL_ACCENT_COLOR_NAME = AccentColor;
				CODE_SIGN_STYLE = Automatic;
				DEVELOPMENT_TEAM = T92U5TKB4F;
				INFOPLIST_FILE = ijinlife_kaigai/Info.plist;
				LD_RUNPATH_SEARCH_PATHS = (
					"$(inherited)",
					"@executable_path/Frameworks",
				);
				PRODUCT_BUNDLE_IDENTIFIER = "com.table.ijinlife-kaigai";
				PRODUCT_NAME = "$(TARGET_NAME)";
				SWIFT_VERSION = 5.0;
				TARGETED_DEVICE_FAMILY = 1;
			};
			name = Release;
		};
		4254253D26394544009578AF /* Debug */ = {
			isa = XCBuildConfiguration;
			baseConfigurationReference = 1E3000AF254E48B3FA16066F /* Pods-ijinlife_kaigaiTests.debug.xcconfig */;
			buildSettings = {
				ALWAYS_EMBED_SWIFT_STANDARD_LIBRARIES = YES;
				BUNDLE_LOADER = "$(TEST_HOST)";
				CODE_SIGN_STYLE = Automatic;
				DEVELOPMENT_TEAM = T92U5TKB4F;
				INFOPLIST_FILE = ijinlife_kaigaiTests/Info.plist;
				IPHONEOS_DEPLOYMENT_TARGET = 14.2;
				LD_RUNPATH_SEARCH_PATHS = (
					"$(inherited)",
					"@executable_path/Frameworks",
					"@loader_path/Frameworks",
				);
				PRODUCT_BUNDLE_IDENTIFIER = "com.table.ijinlife-kaigaiTests";
				PRODUCT_NAME = "$(TARGET_NAME)";
				SWIFT_VERSION = 5.0;
				TARGETED_DEVICE_FAMILY = "1,2";
				TEST_HOST = "$(BUILT_PRODUCTS_DIR)/ijinlife_kaigai.app/ijinlife_kaigai";
			};
			name = Debug;
		};
		4254253E26394544009578AF /* Release */ = {
			isa = XCBuildConfiguration;
			baseConfigurationReference = C6E1CCE68C74D86BE60E3D14 /* Pods-ijinlife_kaigaiTests.release.xcconfig */;
			buildSettings = {
				ALWAYS_EMBED_SWIFT_STANDARD_LIBRARIES = YES;
				BUNDLE_LOADER = "$(TEST_HOST)";
				CODE_SIGN_STYLE = Automatic;
				DEVELOPMENT_TEAM = T92U5TKB4F;
				INFOPLIST_FILE = ijinlife_kaigaiTests/Info.plist;
				IPHONEOS_DEPLOYMENT_TARGET = 14.2;
				LD_RUNPATH_SEARCH_PATHS = (
					"$(inherited)",
					"@executable_path/Frameworks",
					"@loader_path/Frameworks",
				);
				PRODUCT_BUNDLE_IDENTIFIER = "com.table.ijinlife-kaigaiTests";
				PRODUCT_NAME = "$(TARGET_NAME)";
				SWIFT_VERSION = 5.0;
				TARGETED_DEVICE_FAMILY = "1,2";
				TEST_HOST = "$(BUILT_PRODUCTS_DIR)/ijinlife_kaigai.app/ijinlife_kaigai";
			};
			name = Release;
		};
		4254254026394544009578AF /* Debug */ = {
			isa = XCBuildConfiguration;
			baseConfigurationReference = 80F33FF7140EA68A4CD25D10 /* Pods-ijinlife_kaigai-ijinlife_kaigaiUITests.debug.xcconfig */;
			buildSettings = {
				ALWAYS_EMBED_SWIFT_STANDARD_LIBRARIES = YES;
				CODE_SIGN_STYLE = Automatic;
				DEVELOPMENT_TEAM = T92U5TKB4F;
				INFOPLIST_FILE = ijinlife_kaigaiUITests/Info.plist;
				LD_RUNPATH_SEARCH_PATHS = (
					"$(inherited)",
					"@executable_path/Frameworks",
					"@loader_path/Frameworks",
				);
				PRODUCT_BUNDLE_IDENTIFIER = "com.table.ijinlife-kaigaiUITests";
				PRODUCT_NAME = "$(TARGET_NAME)";
				SWIFT_VERSION = 5.0;
				TARGETED_DEVICE_FAMILY = "1,2";
				TEST_TARGET_NAME = ijinlife_kaigai;
			};
			name = Debug;
		};
		4254254126394544009578AF /* Release */ = {
			isa = XCBuildConfiguration;
			baseConfigurationReference = B279B4938D2DB419FD76D884 /* Pods-ijinlife_kaigai-ijinlife_kaigaiUITests.release.xcconfig */;
			buildSettings = {
				ALWAYS_EMBED_SWIFT_STANDARD_LIBRARIES = YES;
				CODE_SIGN_STYLE = Automatic;
				DEVELOPMENT_TEAM = T92U5TKB4F;
				INFOPLIST_FILE = ijinlife_kaigaiUITests/Info.plist;
				LD_RUNPATH_SEARCH_PATHS = (
					"$(inherited)",
					"@executable_path/Frameworks",
					"@loader_path/Frameworks",
				);
				PRODUCT_BUNDLE_IDENTIFIER = "com.table.ijinlife-kaigaiUITests";
				PRODUCT_NAME = "$(TARGET_NAME)";
				SWIFT_VERSION = 5.0;
				TARGETED_DEVICE_FAMILY = "1,2";
				TEST_TARGET_NAME = ijinlife_kaigai;
			};
			name = Release;
		};
/* End XCBuildConfiguration section */

/* Begin XCConfigurationList section */
		4254250A26394540009578AF /* Build configuration list for PBXProject "ijinlife_kaigai" */ = {
			isa = XCConfigurationList;
			buildConfigurations = (
				4254253726394544009578AF /* Debug */,
				4254253826394544009578AF /* Release */,
			);
			defaultConfigurationIsVisible = 0;
			defaultConfigurationName = Release;
		};
		4254253926394544009578AF /* Build configuration list for PBXNativeTarget "ijinlife_kaigai" */ = {
			isa = XCConfigurationList;
			buildConfigurations = (
				4254253A26394544009578AF /* Debug */,
				4254253B26394544009578AF /* Release */,
			);
			defaultConfigurationIsVisible = 0;
			defaultConfigurationName = Release;
		};
		4254253C26394544009578AF /* Build configuration list for PBXNativeTarget "ijinlife_kaigaiTests" */ = {
			isa = XCConfigurationList;
			buildConfigurations = (
				4254253D26394544009578AF /* Debug */,
				4254253E26394544009578AF /* Release */,
			);
			defaultConfigurationIsVisible = 0;
			defaultConfigurationName = Release;
		};
		4254253F26394544009578AF /* Build configuration list for PBXNativeTarget "ijinlife_kaigaiUITests" */ = {
			isa = XCConfigurationList;
			buildConfigurations = (
				4254254026394544009578AF /* Debug */,
				4254254126394544009578AF /* Release */,
			);
			defaultConfigurationIsVisible = 0;
			defaultConfigurationName = Release;
		};
/* End XCConfigurationList section */
	};
	rootObject = 4254250726394540009578AF /* Project object */;
}
